
Microsoft Visual Studio Solution File, Format Version 12.00
# Visual Studio Version 17
VisualStudioVersion = 17.6.33815.320
MinimumVisualStudioVersion = 10.0.40219.1
Project("{FAE04EC0-301F-11D3-BF4B-00C04F79EFBC}") = "d1", "d1\d1.csproj", "{9B96999C-1AF6-41A7-851D-1B68C871052A}"
EndProject
Global
	GlobalSection(SolutionConfigurationPlatforms) = preSolution
		Debug|Any CPU = Debug|Any CPU
		Release|Any CPU = Release|Any CPU
	EndGlobalSection
	GlobalSection(ProjectConfigurationPlatforms) = postSolution
		{9B96999C-1AF6-41A7-851D-1B68C871052A}.Debug|Any CPU.ActiveCfg = Debug|Any CPU
		{9B96999C-1AF6-41A7-851D-1B68C871052A}.Debug|Any CPU.Build.0 = Debug|Any CPU
		{9B96999C-1AF6-41A7-851D-1B68C871052A}.Release|Any CPU.ActiveCfg = Release|Any CPU
		{9B96999C-1AF6-41A7-851D-1B68C871052A}.Release|Any CPU.Build.0 = Release|Any CPU
	EndGlobalSection
	GlobalSection(SolutionProperties) = preSolution
		HideSolutionNode = FALSE
	EndGlobalSection
	GlobalSection(ExtensibilityGlobals) = postSolution
		SolutionGuid = {D338FB57-B01A-4BD7-9C7B-48380B3BD822}
	EndGlobalSection
EndGlobal
